
Microsoft Visual Studio Solution File, Format Version 12.00
# Visual Studio 15
VisualStudioVersion = 15.0.28307.421
MinimumVisualStudioVersion = 10.0.40219.1
Project("{FAE04EC0-301F-11D3-BF4B-00C04F79EFBC}") = "Microsoft Servicedemo", "Microsoft Servicedemo\Microsoft Servicedemo.csproj", "{05E7CFA1-8AEC-4164-B5E1-74F7C3E3D2DC}"
EndProject
Global
	GlobalSection(SolutionConfigurationPlatforms) = preSolution
		Debug|Any CPU = Debug|Any CPU
		Release|Any CPU = Release|Any CPU
	EndGlobalSection
	GlobalSection(ProjectConfigurationPlatforms) = postSolution
		{05E7CFA1-8AEC-4164-B5E1-74F7C3E3D2DC}.Debug|Any CPU.ActiveCfg = Debug|Any CPU
		{05E7CFA1-8AEC-4164-B5E1-74F7C3E3D2DC}.Debug|Any CPU.Build.0 = Debug|Any CPU
		{05E7CFA1-8AEC-4164-B5E1-74F7C3E3D2DC}.Release|Any CPU.ActiveCfg = Release|Any CPU
		{05E7CFA1-8AEC-4164-B5E1-74F7C3E3D2DC}.Release|Any CPU.Build.0 = Release|Any CPU
	EndGlobalSection
	GlobalSection(SolutionProperties) = preSolution
		HideSolutionNode = FALSE
	EndGlobalSection
	GlobalSection(ExtensibilityGlobals) = postSolution
		SolutionGuid = {70B5CC94-F052-4584-9799-5B0CD9A4073D}
	EndGlobalSection
EndGlobal
